
Microsoft Visual Studio Solution File, Format Version 12.00
# Visual Studio Version 16
VisualStudioVersion = 16.0.31321.278
MinimumVisualStudioVersion = 10.0.40219.1
Project("{9A19103F-16F7-4668-BE54-9A1E7A4F7556}") = "LineAccountExtension", "Identity.LineAccountExtension\LineAccountExtension.csproj", "{5C50BFF7-7E9E-44BD-A691-D65D2E33B910}"
EndProject
Project("{9A19103F-16F7-4668-BE54-9A1E7A4F7556}") = "DemoApp", "DemoApp\DemoApp.csproj", "{D3BA457E-B68F-4F1A-864C-5F446E877D78}"
EndProject
Global
	GlobalSection(SolutionConfigurationPlatforms) = preSolution
		Debug|Any CPU = Debug|Any CPU
		Release|Any CPU = Release|Any CPU
	EndGlobalSection
	GlobalSection(ProjectConfigurationPlatforms) = postSolution
		{5C50BFF7-7E9E-44BD-A691-D65D2E33B910}.Debug|Any CPU.ActiveCfg = Debug|Any CPU
		{5C50BFF7-7E9E-44BD-A691-D65D2E33B910}.Debug|Any CPU.Build.0 = Debug|Any CPU
		{5C50BFF7-7E9E-44BD-A691-D65D2E33B910}.Release|Any CPU.ActiveCfg = Release|Any CPU
		{5C50BFF7-7E9E-44BD-A691-D65D2E33B910}.Release|Any CPU.Build.0 = Release|Any CPU
		{D3BA457E-B68F-4F1A-864C-5F446E877D78}.Debug|Any CPU.ActiveCfg = Debug|Any CPU
		{D3BA457E-B68F-4F1A-864C-5F446E877D78}.Debug|Any CPU.Build.0 = Debug|Any CPU
		{D3BA457E-B68F-4F1A-864C-5F446E877D78}.Release|Any CPU.ActiveCfg = Release|Any CPU
		{D3BA457E-B68F-4F1A-864C-5F446E877D78}.Release|Any CPU.Build.0 = Release|Any CPU
	EndGlobalSection
	GlobalSection(SolutionProperties) = preSolution
		HideSolutionNode = FALSE
	EndGlobalSection
	GlobalSection(ExtensibilityGlobals) = postSolution
		SolutionGuid = {47836B4D-7CE7-4F40-B25E-BCCF9E35905A}
	EndGlobalSection
EndGlobal
