
Microsoft Visual Studio Solution File, Format Version 12.00
# Visual Studio Version 16
VisualStudioVersion = 16.0.31321.278
MinimumVisualStudioVersion = 10.0.40219.1
Project("{9A19103F-16F7-4668-BE54-9A1E7A4F7556}") = "LineAuthentication", "LineAuthentication\LineAuthentication.csproj", "{B58100F6-37E5-42C7-8716-77D1D670E9CE}"
EndProject
Project("{2150E333-8FDC-42A3-9474-1A3956D46DE8}") = "src", "src", "{EC3FA039-409C-4FD8-8693-1CBA4F9DE9F6}"
EndProject
Global
	GlobalSection(SolutionConfigurationPlatforms) = preSolution
		Debug|Any CPU = Debug|Any CPU
		Release|Any CPU = Release|Any CPU
	EndGlobalSection
	GlobalSection(ProjectConfigurationPlatforms) = postSolution
		{B58100F6-37E5-42C7-8716-77D1D670E9CE}.Debug|Any CPU.ActiveCfg = Debug|Any CPU
		{B58100F6-37E5-42C7-8716-77D1D670E9CE}.Debug|Any CPU.Build.0 = Debug|Any CPU
		{B58100F6-37E5-42C7-8716-77D1D670E9CE}.Release|Any CPU.ActiveCfg = Release|Any CPU
		{B58100F6-37E5-42C7-8716-77D1D670E9CE}.Release|Any CPU.Build.0 = Release|Any CPU
	EndGlobalSection
	GlobalSection(SolutionProperties) = preSolution
		HideSolutionNode = FALSE
	EndGlobalSection
	GlobalSection(NestedProjects) = preSolution
		{B58100F6-37E5-42C7-8716-77D1D670E9CE} = {EC3FA039-409C-4FD8-8693-1CBA4F9DE9F6}
	EndGlobalSection
	GlobalSection(ExtensibilityGlobals) = postSolution
		SolutionGuid = {47836B4D-7CE7-4F40-B25E-BCCF9E35905A}
	EndGlobalSection
EndGlobal
